
Microsoft Visual Studio Solution File, Format Version 12.00
# Visual Studio Version 16
VisualStudioVersion = 16.0.29411.108
MinimumVisualStudioVersion = 10.0.40219.1
Project("{FAE04EC0-301F-11D3-BF4B-00C04F79EFBC}") = "Artistic Media Dashboard", "Artistic Media Dashboard\Artistic Media Dashboard.csproj", "{6F2063B9-0216-49F2-A9E2-CC0D7773E9F4}"
EndProject
Global
	GlobalSection(SolutionConfigurationPlatforms) = preSolution
		Debug|Any CPU = Debug|Any CPU
		Release|Any CPU = Release|Any CPU
	EndGlobalSection
	GlobalSection(ProjectConfigurationPlatforms) = postSolution
		{6F2063B9-0216-49F2-A9E2-CC0D7773E9F4}.Debug|Any CPU.ActiveCfg = Debug|Any CPU
		{6F2063B9-0216-49F2-A9E2-CC0D7773E9F4}.Debug|Any CPU.Build.0 = Debug|Any CPU
		{6F2063B9-0216-49F2-A9E2-CC0D7773E9F4}.Release|Any CPU.ActiveCfg = Release|Any CPU
		{6F2063B9-0216-49F2-A9E2-CC0D7773E9F4}.Release|Any CPU.Build.0 = Release|Any CPU
	EndGlobalSection
	GlobalSection(SolutionProperties) = preSolution
		HideSolutionNode = FALSE
	EndGlobalSection
	GlobalSection(ExtensibilityGlobals) = postSolution
		SolutionGuid = {A66F9875-2F0F-4DBF-A602-60CB4DCDE748}
	EndGlobalSection
EndGlobal
